<Solution>
  <Project Path="ImageFitterLibrary/ImageFitterLibrary.csproj" Id="4a768301-8caa-48b2-927f-4c7e46d2cc71" />
  <Project Path="ImageFitting/ImageFitting.csproj" />
  <Project Path="UnitTestForImageFitting/UnitTestForImageFitting.csproj" Id="44a40f56-dbcb-48f8-a78f-19ab6a26cbdb" />
</Solution>
